
Microsoft Visual Studio Solution File, Format Version 12.00
# Visual Studio Version 17
VisualStudioVersion = 17.3.32901.215
MinimumVisualStudioVersion = 10.0.40219.1
Project("{FAE04EC0-301F-11D3-BF4B-00C04F79EFBC}") = "AK Project 35 Монополия", "AK Project 35 Монополия\AK Project 35 Монополия.csproj", "{A6B87916-546C-4106-9984-0760EF398574}"
EndProject
Global
	GlobalSection(SolutionConfigurationPlatforms) = preSolution
		Debug|Any CPU = Debug|Any CPU
		Release|Any CPU = Release|Any CPU
	EndGlobalSection
	GlobalSection(ProjectConfigurationPlatforms) = postSolution
		{A6B87916-546C-4106-9984-0760EF398574}.Debug|Any CPU.ActiveCfg = Debug|Any CPU
		{A6B87916-546C-4106-9984-0760EF398574}.Debug|Any CPU.Build.0 = Debug|Any CPU
		{A6B87916-546C-4106-9984-0760EF398574}.Release|Any CPU.ActiveCfg = Release|Any CPU
		{A6B87916-546C-4106-9984-0760EF398574}.Release|Any CPU.Build.0 = Release|Any CPU
	EndGlobalSection
	GlobalSection(SolutionProperties) = preSolution
		HideSolutionNode = FALSE
	EndGlobalSection
	GlobalSection(ExtensibilityGlobals) = postSolution
		SolutionGuid = {0F4FF95B-A64A-480F-BE54-42AD201BB133}
	EndGlobalSection
EndGlobal
